// !$*UTF8*$!
{
	archiveVersion = 1;
	classes = {
	};
	objectVersion = 50;
	objects = {

/* Begin PBXBuildFile section */
		D92CCD7C2552A992001888CB /* UILabel+Properties.swift in Sources */ = {isa = PBXBuildFile; fileRef = D92CCD7B2552A992001888CB /* UILabel+Properties.swift */; };
		D92CCD7E2552AC46001888CB /* StringPropertyTableViewCell.swift in Sources */ = {isa = PBXBuildFile; fileRef = D92CCD7D2552AC46001888CB /* StringPropertyTableViewCell.swift */; };
		D9512C3A2337D20800AF25E0 /* AppDelegate.swift in Sources */ = {isa = PBXBuildFile; fileRef = D9512C392337D20800AF25E0 /* AppDelegate.swift */; };
		D9512C3C2337D20800AF25E0 /* ViewController.swift in Sources */ = {isa = PBXBuildFile; fileRef = D9512C3B2337D20800AF25E0 /* ViewController.swift */; };
		D9512C3F2337D20800AF25E0 /* Main.storyboard in Resources */ = {isa = PBXBuildFile; fileRef = D9512C3D2337D20800AF25E0 /* Main.storyboard */; };
		D9512C422337D20800AF25E0 /* UICatalogApp_iOS.xcdatamodeld in Sources */ = {isa = PBXBuildFile; fileRef = D9512C402337D20800AF25E0 /* UICatalogApp_iOS.xcdatamodeld */; };
		D9512C442337D20A00AF25E0 /* Assets.xcassets in Resources */ = {isa = PBXBuildFile; fileRef = D9512C432337D20A00AF25E0 /* Assets.xcassets */; };
		D9512C472337D20A00AF25E0 /* LaunchScreen.storyboard in Resources */ = {isa = PBXBuildFile; fileRef = D9512C452337D20A00AF25E0 /* LaunchScreen.storyboard */; };
		D9B1133124BC4BB30010FF96 /* Parameter.swift in Sources */ = {isa = PBXBuildFile; fileRef = D9B1133024BC4BB30010FF96 /* Parameter.swift */; };
		D9B1133624BC58980010FF96 /* BoolPropertyTableViewCell.swift in Sources */ = {isa = PBXBuildFile; fileRef = D9B1133524BC58980010FF96 /* BoolPropertyTableViewCell.swift */; };
		D9F9BF1524D97C7B005939FD /* Property.swift in Sources */ = {isa = PBXBuildFile; fileRef = D9F9BF1424D97C7A005939FD /* Property.swift */; };
		D9FC984B2554F51D00AA2F5B /* ChoicePropertyTableViewCell.swift in Sources */ = {isa = PBXBuildFile; fileRef = D9FC984A2554F51B00AA2F5B /* ChoicePropertyTableViewCell.swift */; };
/* End PBXBuildFile section */

/* Begin PBXFileReference section */
		D92CCD7B2552A992001888CB /* UILabel+Properties.swift */ = {isa = PBXFileReference; lastKnownFileType = sourcecode.swift; path = "UILabel+Properties.swift"; sourceTree = "<group>"; };
		D92CCD7D2552AC46001888CB /* StringPropertyTableViewCell.swift */ = {isa = PBXFileReference; lastKnownFileType = sourcecode.swift; path = StringPropertyTableViewCell.swift; sourceTree = "<group>"; };
		D9512C362337D20800AF25E0 /* UICatalogApp-iOS.app */ = {isa = PBXFileReference; explicitFileType = wrapper.application; includeInIndex = 0; path = "UICatalogApp-iOS.app"; sourceTree = BUILT_PRODUCTS_DIR; };
		D9512C392337D20800AF25E0 /* AppDelegate.swift */ = {isa = PBXFileReference; lastKnownFileType = sourcecode.swift; path = AppDelegate.swift; sourceTree = "<group>"; };
		D9512C3B2337D20800AF25E0 /* ViewController.swift */ = {isa = PBXFileReference; lastKnownFileType = sourcecode.swift; path = ViewController.swift; sourceTree = "<group>"; };
		D9512C3E2337D20800AF25E0 /* Base */ = {isa = PBXFileReference; lastKnownFileType = file.storyboard; name = Base; path = Base.lproj/Main.storyboard; sourceTree = "<group>"; };
		D9512C412337D20800AF25E0 /* UICatalogApp_iOS.xcdatamodel */ = {isa = PBXFileReference; lastKnownFileType = wrapper.xcdatamodel; path = UICatalogApp_iOS.xcdatamodel; sourceTree = "<group>"; };
		D9512C432337D20A00AF25E0 /* Assets.xcassets */ = {isa = PBXFileReference; lastKnownFileType = folder.assetcatalog; path = Assets.xcassets; sourceTree = "<group>"; };
		D9512C462337D20A00AF25E0 /* Base */ = {isa = PBXFileReference; lastKnownFileType = file.storyboard; name = Base; path = Base.lproj/LaunchScreen.storyboard; sourceTree = "<group>"; };
		D9512C482337D20A00AF25E0 /* Info.plist */ = {isa = PBXFileReference; lastKnownFileType = text.plist.xml; path = Info.plist; sourceTree = "<group>"; };
		D9B1133024BC4BB30010FF96 /* Parameter.swift */ = {isa = PBXFileReference; lastKnownFileType = sourcecode.swift; path = Parameter.swift; sourceTree = "<group>"; };
		D9B1133524BC58980010FF96 /* BoolPropertyTableViewCell.swift */ = {isa = PBXFileReference; lastKnownFileType = sourcecode.swift; name = BoolPropertyTableViewCell.swift; path = "/Users/s.kamada/works/XcodeProjects/UICatalogApp-iOS/UICatalogApp-iOS/BoolPropertyTableViewCell.swift"; sourceTree = "<absolute>"; };
		D9F9BF1424D97C7A005939FD /* Property.swift */ = {isa = PBXFileReference; lastKnownFileType = sourcecode.swift; path = Property.swift; sourceTree = "<group>"; };
		D9FC984A2554F51B00AA2F5B /* ChoicePropertyTableViewCell.swift */ = {isa = PBXFileReference; lastKnownFileType = sourcecode.swift; path = ChoicePropertyTableViewCell.swift; sourceTree = "<group>"; };
/* End PBXFileReference section */

/* Begin PBXFrameworksBuildPhase section */
		D9512C332337D20800AF25E0 /* Frameworks */ = {
			isa = PBXFrameworksBuildPhase;
			buildActionMask = 2147483647;
			files = (
			);
			runOnlyForDeploymentPostprocessing = 0;
		};
/* End PBXFrameworksBuildPhase section */

/* Begin PBXGroup section */
		D9512C2D2337D20800AF25E0 = {
			isa = PBXGroup;
			children = (
				D9512C382337D20800AF25E0 /* UICatalogApp-iOS */,
				D9512C372337D20800AF25E0 /* Products */,
			);
			sourceTree = "<group>";
		};
		D9512C372337D20800AF25E0 /* Products */ = {
			isa = PBXGroup;
			children = (
				D9512C362337D20800AF25E0 /* UICatalogApp-iOS.app */,
			);
			name = Products;
			sourceTree = "<group>";
		};
		D9512C382337D20800AF25E0 /* UICatalogApp-iOS */ = {
			isa = PBXGroup;
			children = (
				D9FC984D2554F53800AA2F5B /* TableViewCells */,
				D9512C392337D20800AF25E0 /* AppDelegate.swift */,
				D9512C3B2337D20800AF25E0 /* ViewController.swift */,
				D9512C3D2337D20800AF25E0 /* Main.storyboard */,
				D9512C432337D20A00AF25E0 /* Assets.xcassets */,
				D9512C452337D20A00AF25E0 /* LaunchScreen.storyboard */,
				D9512C482337D20A00AF25E0 /* Info.plist */,
				D9512C402337D20800AF25E0 /* UICatalogApp_iOS.xcdatamodeld */,
				D9B1133024BC4BB30010FF96 /* Parameter.swift */,
				D92CCD7B2552A992001888CB /* UILabel+Properties.swift */,
				D9F9BF1424D97C7A005939FD /* Property.swift */,
			);
			path = "UICatalogApp-iOS";
			sourceTree = "<group>";
		};
		D9FC984D2554F53800AA2F5B /* TableViewCells */ = {
			isa = PBXGroup;
			children = (
				D9B1133524BC58980010FF96 /* BoolPropertyTableViewCell.swift */,
				D92CCD7D2552AC46001888CB /* StringPropertyTableViewCell.swift */,
				D9FC984A2554F51B00AA2F5B /* ChoicePropertyTableViewCell.swift */,
			);
			path = TableViewCells;
			sourceTree = "<group>";
		};
/* End PBXGroup section */

/* Begin PBXNativeTarget section */
		D9512C352337D20800AF25E0 /* UICatalogApp-iOS */ = {
			isa = PBXNativeTarget;
			buildConfigurationList = D9512C4B2337D20A00AF25E0 /* Build configuration list for PBXNativeTarget "UICatalogApp-iOS" */;
			buildPhases = (
				D9512C322337D20800AF25E0 /* Sources */,
				D9512C332337D20800AF25E0 /* Frameworks */,
				D9512C342337D20800AF25E0 /* Resources */,
			);
			buildRules = (
			);
			dependencies = (
			);
			name = "UICatalogApp-iOS";
			productName = "UICatalogApp-iOS";
			productReference = D9512C362337D20800AF25E0 /* UICatalogApp-iOS.app */;
			productType = "com.apple.product-type.application";
		};
/* End PBXNativeTarget section */

/* Begin PBXProject section */
		D9512C2E2337D20800AF25E0 /* Project object */ = {
			isa = PBXProject;
			attributes = {
				LastSwiftUpdateCheck = 1020;
				LastUpgradeCheck = 1020;
				ORGANIZATIONNAME = personal;
				TargetAttributes = {
					D9512C352337D20800AF25E0 = {
						CreatedOnToolsVersion = 10.2.1;
					};
				};
			};
			buildConfigurationList = D9512C312337D20800AF25E0 /* Build configuration list for PBXProject "UICatalogApp-iOS" */;
			compatibilityVersion = "Xcode 9.3";
			developmentRegion = en;
			hasScannedForEncodings = 0;
			knownRegions = (
				en,
				Base,
			);
			mainGroup = D9512C2D2337D20800AF25E0;
			productRefGroup = D9512C372337D20800AF25E0 /* Products */;
			projectDirPath = "";
			projectRoot = "";
			targets = (
				D9512C352337D20800AF25E0 /* UICatalogApp-iOS */,
			);
		};
/* End PBXProject section */

/* Begin PBXResourcesBuildPhase section */
		D9512C342337D20800AF25E0 /* Resources */ = {
			isa = PBXResourcesBuildPhase;
			buildActionMask = 2147483647;
			files = (
				D9512C472337D20A00AF25E0 /* LaunchScreen.storyboard in Resources */,
				D9512C442337D20A00AF25E0 /* Assets.xcassets in Resources */,
				D9512C3F2337D20800AF25E0 /* Main.storyboard in Resources */,
			);
			runOnlyForDeploymentPostprocessing = 0;
		};
/* End PBXResourcesBuildPhase section */

/* Begin PBXSourcesBuildPhase section */
		D9512C322337D20800AF25E0 /* Sources */ = {
			isa = PBXSourcesBuildPhase;
			buildActionMask = 2147483647;
			files = (
				D9F9BF1524D97C7B005939FD /* Property.swift in Sources */,
				D92CCD7E2552AC46001888CB /* StringPropertyTableViewCell.swift in Sources */,
				D9512C3C2337D20800AF25E0 /* ViewController.swift in Sources */,
				D92CCD7C2552A992001888CB /* UILabel+Properties.swift in Sources */,
				D9B1133124BC4BB30010FF96 /* Parameter.swift in Sources */,
				D9512C422337D20800AF25E0 /* UICatalogApp_iOS.xcdatamodeld in Sources */,
				D9FC984B2554F51D00AA2F5B /* ChoicePropertyTableViewCell.swift in Sources */,
				D9512C3A2337D20800AF25E0 /* AppDelegate.swift in Sources */,
				D9B1133624BC58980010FF96 /* BoolPropertyTableViewCell.swift in Sources */,
			);
			runOnlyForDeploymentPostprocessing = 0;
		};
/* End PBXSourcesBuildPhase section */

/* Begin PBXVariantGroup section */
		D9512C3D2337D20800AF25E0 /* Main.storyboard */ = {
			isa = PBXVariantGroup;
			children = (
				D9512C3E2337D20800AF25E0 /* Base */,
			);
			name = Main.storyboard;
			sourceTree = "<group>";
		};
		D9512C452337D20A00AF25E0 /* LaunchScreen.storyboard */ = {
			isa = PBXVariantGroup;
			children = (
				D9512C462337D20A00AF25E0 /* Base */,
			);
			name = LaunchScreen.storyboard;
			sourceTree = "<group>";
		};
/* End PBXVariantGroup section */

/* Begin XCBuildConfiguration section */
		D9512C492337D20A00AF25E0 /* Debug */ = {
			isa = XCBuildConfiguration;
			buildSettings = {
				ALWAYS_SEARCH_USER_PATHS = NO;
				CLANG_ANALYZER_NONNULL = YES;
				CLANG_ANALYZER_NUMBER_OBJECT_CONVERSION = YES_AGGRESSIVE;
				CLANG_CXX_LANGUAGE_STANDARD = "gnu++14";
				CLANG_CXX_LIBRARY = "libc++";
				CLANG_ENABLE_MODULES = YES;
				CLANG_ENABLE_OBJC_ARC = YES;
				CLANG_ENABLE_OBJC_WEAK = YES;
				CLANG_WARN_BLOCK_CAPTURE_AUTORELEASING = YES;
				CLANG_WARN_BOOL_CONVERSION = YES;
				CLANG_WARN_COMMA = YES;
				CLANG_WARN_CONSTANT_CONVERSION = YES;
				CLANG_WARN_DEPRECATED_OBJC_IMPLEMENTATIONS = YES;
				CLANG_WARN_DIRECT_OBJC_ISA_USAGE = YES_ERROR;
				CLANG_WARN_DOCUMENTATION_COMMENTS = YES;
				CLANG_WARN_EMPTY_BODY = YES;
				CLANG_WARN_ENUM_CONVERSION = YES;
				CLANG_WARN_INFINITE_RECURSION = YES;
				CLANG_WARN_INT_CONVERSION = YES;
				CLANG_WARN_NON_LITERAL_NULL_CONVERSION = YES;
				CLANG_WARN_OBJC_IMPLICIT_RETAIN_SELF = YES;
				CLANG_WARN_OBJC_LITERAL_CONVERSION = YES;
				CLANG_WARN_OBJC_ROOT_CLASS = YES_ERROR;
				CLANG_WARN_RANGE_LOOP_ANALYSIS = YES;
				CLANG_WARN_STRICT_PROTOTYPES = YES;
				CLANG_WARN_SUSPICIOUS_MOVE = YES;
				CLANG_WARN_UNGUARDED_AVAILABILITY = YES_AGGRESSIVE;
				CLANG_WARN_UNREACHABLE_CODE = YES;
				CLANG_WARN__DUPLICATE_METHOD_MATCH = YES;
				CODE_SIGN_IDENTITY = "iPhone Developer";
				COPY_PHASE_STRIP = NO;
				DEBUG_INFORMATION_FORMAT = dwarf;
				ENABLE_STRICT_OBJC_MSGSEND = YES;
				ENABLE_TESTABILITY = YES;
				GCC_C_LANGUAGE_STANDARD = gnu11;
				GCC_DYNAMIC_NO_PIC = NO;
				GCC_NO_COMMON_BLOCKS = YES;
				GCC_OPTIMIZATION_LEVEL = 0;
				GCC_PREPROCESSOR_DEFINITIONS = (
					"DEBUG=1",
					"$(inherited)",
				);
				GCC_WARN_64_TO_32_BIT_CONVERSION = YES;
				GCC_WARN_ABOUT_RETURN_TYPE = YES_ERROR;
				GCC_WARN_UNDECLARED_SELECTOR = YES;
				GCC_WARN_UNINITIALIZED_AUTOS = YES_AGGRESSIVE;
				GCC_WARN_UNUSED_FUNCTION = YES;
				GCC_WARN_UNUSED_VARIABLE = YES;
				IPHONEOS_DEPLOYMENT_TARGET = 12.2;
				MTL_ENABLE_DEBUG_INFO = INCLUDE_SOURCE;
				MTL_FAST_MATH = YES;
				ONLY_ACTIVE_ARCH = YES;
				SDKROOT = iphoneos;
				SWIFT_ACTIVE_COMPILATION_CONDITIONS = DEBUG;
				SWIFT_OPTIMIZATION_LEVEL = "-Onone";
			};
			name = Debug;
		};
		D9512C4A2337D20A00AF25E0 /* Release */ = {
			isa = XCBuildConfiguration;
			buildSettings = {
				ALWAYS_SEARCH_USER_PATHS = NO;
				CLANG_ANALYZER_NONNULL = YES;
				CLANG_ANALYZER_NUMBER_OBJECT_CONVERSION = YES_AGGRESSIVE;
				CLANG_CXX_LANGUAGE_STANDARD = "gnu++14";
				CLANG_CXX_LIBRARY = "libc++";
				CLANG_ENABLE_MODULES = YES;
				CLANG_ENABLE_OBJC_ARC = YES;
				CLANG_ENABLE_OBJC_WEAK = YES;
				CLANG_WARN_BLOCK_CAPTURE_AUTORELEASING = YES;
				CLANG_WARN_BOOL_CONVERSION = YES;
				CLANG_WARN_COMMA = YES;
				CLANG_WARN_CONSTANT_CONVERSION = YES;
				CLANG_WARN_DEPRECATED_OBJC_IMPLEMENTATIONS = YES;
				CLANG_WARN_DIRECT_OBJC_ISA_USAGE = YES_ERROR;
				CLANG_WARN_DOCUMENTATION_COMMENTS = YES;
				CLANG_WARN_EMPTY_BODY = YES;
				CLANG_WARN_ENUM_CONVERSION = YES;
				CLANG_WARN_INFINITE_RECURSION = YES;
				CLANG_WARN_INT_CONVERSION = YES;
				CLANG_WARN_NON_LITERAL_NULL_CONVERSION = YES;
				CLANG_WARN_OBJC_IMPLICIT_RETAIN_SELF = YES;
				CLANG_WARN_OBJC_LITERAL_CONVERSION = YES;
				CLANG_WARN_OBJC_ROOT_CLASS = YES_ERROR;
				CLANG_WARN_RANGE_LOOP_ANALYSIS = YES;
				CLANG_WARN_STRICT_PROTOTYPES = YES;
				CLANG_WARN_SUSPICIOUS_MOVE = YES;
				CLANG_WARN_UNGUARDED_AVAILABILITY = YES_AGGRESSIVE;
				CLANG_WARN_UNREACHABLE_CODE = YES;
				CLANG_WARN__DUPLICATE_METHOD_MATCH = YES;
				CODE_SIGN_IDENTITY = "iPhone Developer";
				COPY_PHASE_STRIP = NO;
				DEBUG_INFORMATION_FORMAT = "dwarf-with-dsym";
				ENABLE_NS_ASSERTIONS = NO;
				ENABLE_STRICT_OBJC_MSGSEND = YES;
				GCC_C_LANGUAGE_STANDARD = gnu11;
				GCC_NO_COMMON_BLOCKS = YES;
				GCC_WARN_64_TO_32_BIT_CONVERSION = YES;
				GCC_WARN_ABOUT_RETURN_TYPE = YES_ERROR;
				GCC_WARN_UNDECLARED_SELECTOR = YES;
				GCC_WARN_UNINITIALIZED_AUTOS = YES_AGGRESSIVE;
				GCC_WARN_UNUSED_FUNCTION = YES;
				GCC_WARN_UNUSED_VARIABLE = YES;
				IPHONEOS_DEPLOYMENT_TARGET = 12.2;
				MTL_ENABLE_DEBUG_INFO = NO;
				MTL_FAST_MATH = YES;
				SDKROOT = iphoneos;
				SWIFT_COMPILATION_MODE = wholemodule;
				SWIFT_OPTIMIZATION_LEVEL = "-O";
				VALIDATE_PRODUCT = YES;
			};
			name = Release;
		};
		D9512C4C2337D20A00AF25E0 /* Debug */ = {
			isa = XCBuildConfiguration;
			buildSettings = {
				ASSETCATALOG_COMPILER_APPICON_NAME = AppIcon;
				CODE_SIGN_STYLE = Automatic;
				DEVELOPMENT_TEAM = PYHJ67X3B8;
				INFOPLIST_FILE = "UICatalogApp-iOS/Info.plist";
				LD_RUNPATH_SEARCH_PATHS = (
					"$(inherited)",
					"@executable_path/Frameworks",
				);
				PRODUCT_BUNDLE_IDENTIFIER = "catalog.UICatalogApp-iOS";
				PRODUCT_NAME = "$(TARGET_NAME)";
				SWIFT_VERSION = 5.0;
				TARGETED_DEVICE_FAMILY = "1,2";
			};
			name = Debug;
		};
		D9512C4D2337D20A00AF25E0 /* Release */ = {
			isa = XCBuildConfiguration;
			buildSettings = {
				ASSETCATALOG_COMPILER_APPICON_NAME = AppIcon;
				CODE_SIGN_STYLE = Automatic;
				DEVELOPMENT_TEAM = PYHJ67X3B8;
				INFOPLIST_FILE = "UICatalogApp-iOS/Info.plist";
				LD_RUNPATH_SEARCH_PATHS = (
					"$(inherited)",
					"@executable_path/Frameworks",
				);
				PRODUCT_BUNDLE_IDENTIFIER = "catalog.UICatalogApp-iOS";
				PRODUCT_NAME = "$(TARGET_NAME)";
				SWIFT_VERSION = 5.0;
				TARGETED_DEVICE_FAMILY = "1,2";
			};
			name = Release;
		};
/* End XCBuildConfiguration section */

/* Begin XCConfigurationList section */
		D9512C312337D20800AF25E0 /* Build configuration list for PBXProject "UICatalogApp-iOS" */ = {
			isa = XCConfigurationList;
			buildConfigurations = (
				D9512C492337D20A00AF25E0 /* Debug */,
				D9512C4A2337D20A00AF25E0 /* Release */,
			);
			defaultConfigurationIsVisible = 0;
			defaultConfigurationName = Release;
		};
		D9512C4B2337D20A00AF25E0 /* Build configuration list for PBXNativeTarget "UICatalogApp-iOS" */ = {
			isa = XCConfigurationList;
			buildConfigurations = (
				D9512C4C2337D20A00AF25E0 /* Debug */,
				D9512C4D2337D20A00AF25E0 /* Release */,
			);
			defaultConfigurationIsVisible = 0;
			defaultConfigurationName = Release;
		};
/* End XCConfigurationList section */

/* Begin XCVersionGroup section */
		D9512C402337D20800AF25E0 /* UICatalogApp_iOS.xcdatamodeld */ = {
			isa = XCVersionGroup;
			children = (
				D9512C412337D20800AF25E0 /* UICatalogApp_iOS.xcdatamodel */,
			);
			currentVersion = D9512C412337D20800AF25E0 /* UICatalogApp_iOS.xcdatamodel */;
			path = UICatalogApp_iOS.xcdatamodeld;
			sourceTree = "<group>";
			versionGroupType = wrapper.xcdatamodel;
		};
/* End XCVersionGroup section */
	};
	rootObject = D9512C2E2337D20800AF25E0 /* Project object */;
}
